{
  "nodes": {
    "NixVirt": {
      "inputs": {
        "nixpkgs": [
          "nixpkgs"
        ]
      },
      "locked": {
        "lastModified": 1748140003,
        "narHash": "sha256-DNBZmuk1YRM2PmwbHzVdXumRjCUzQkMarg4iI/37rOQ=",
        "owner": "AshleyYakeley",
        "repo": "NixVirt",
        "rev": "5dfe108fd859b122f9a96981cb6bc12297653d6c",
        "type": "github"
      },
      "original": {
        "owner": "AshleyYakeley",
        "ref": "v0.6.0",
        "repo": "NixVirt",
        "type": "github"
      }
    },
    "flake-compat": {
      "flake": false,
      "locked": {
        "lastModified": 1777699697,
        "narHash": "sha256-Eg9b/rq/ECYwNwEXs5i9wHyhxNI0JrYx2srdI2uZMaQ=",
        "ref": "refs/heads/main",
        "rev": "382052b74656a369c5408822af3f2501e9b1af81",
        "revCount": 94,
        "type": "git",
        "url": "https://git.lix.systems/lix-project/flake-compat.git"
      },
      "original": {
        "type": "git",
        "url": "https://git.lix.systems/lix-project/flake-compat.git"
      }
    },
    "flake-compat_2": {
      "locked": {
        "lastModified": 1733328505,
        "narHash": "sha256-NeCCThCEP3eCl2l/+27kNNK7QrwZB1IJCrXfrbv5oqU=",
        "rev": "ff81ac966bb2cae68946d5ed5fc4994f96d0ffec",
        "revCount": 69,
        "type": "tarball",
        "url": "https://api.flakehub.com/f/pinned/edolstra/flake-compat/1.1.0/01948eb7-9cba-704f-bbf3-3fa956735b52/source.tar.gz?rev=ff81ac966bb2cae68946d5ed5fc4994f96d0ffec&revCount=69"
      },
      "original": {
        "type": "tarball",
        "url": "https://flakehub.com/f/edolstra/flake-compat/1.tar.gz"
      }
    },
    "flake-parts": {
      "inputs": {
        "nixpkgs-lib": [
          "nur",
          "nixpkgs"
        ]
      },
      "locked": {
        "lastModified": 1733312601,
        "narHash": "sha256-4pDvzqnegAfRkPwO3wmwBhVi/Sye1mzps0zHWYnP88c=",
        "owner": "hercules-ci",
        "repo": "flake-parts",
        "rev": "205b12d8b7cd4802fbcb8e8ef6a0f1408781a4f9",
        "type": "github"
      },
      "original": {
        "owner": "hercules-ci",
        "repo": "flake-parts",
        "type": "github"
      }
    },
    "flake-parts_2": {
      "inputs": {
        "nixpkgs-lib": "nixpkgs-lib"
      },
      "locked": {
        "lastModified": 1772408722,
        "narHash": "sha256-rHuJtdcOjK7rAHpHphUb1iCvgkU3GpfvicLMwwnfMT0=",
        "owner": "hercules-ci",
        "repo": "flake-parts",
        "rev": "f20dc5d9b8027381c474144ecabc9034d6a839a3",
        "type": "github"
      },
      "original": {
        "owner": "hercules-ci",
        "repo": "flake-parts",
        "type": "github"
      }
    },
    "flake-utils": {
      "inputs": {
        "systems": "systems"
      },
      "locked": {
        "lastModified": 1731533236,
        "narHash": "sha256-l0KFg5HjrsfsO/JpG+r7fRrqm12kzFHyUHqHCVpMMbI=",
        "owner": "numtide",
        "repo": "flake-utils",
        "rev": "11707dc2f618dd54ca8739b309ec4fc024de578b",
        "type": "github"
      },
      "original": {
        "owner": "numtide",
        "repo": "flake-utils",
        "type": "github"
      }
    },
    "flake-utils_2": {
      "inputs": {
        "systems": "systems_2"
      },
      "locked": {
        "lastModified": 1731533236,
        "narHash": "sha256-l0KFg5HjrsfsO/JpG+r7fRrqm12kzFHyUHqHCVpMMbI=",
        "owner": "numtide",
        "repo": "flake-utils",
        "rev": "11707dc2f618dd54ca8739b309ec4fc024de578b",
        "type": "github"
      },
      "original": {
        "owner": "numtide",
        "repo": "flake-utils",
        "type": "github"
      }
    },
    "flatpaks": {
      "locked": {
        "lastModified": 1782495309,
        "narHash": "sha256-VHIqXC5eKeY4fNRMId7F1rg4sJhG/ZIX62TksPkTkVg=",
        "owner": "in-a-dil-emma",
        "repo": "declarative-flatpak",
        "rev": "841b6e3ff33d73f63555ecca777b81369fe39350",
        "type": "github"
      },
      "original": {
        "owner": "in-a-dil-emma",
        "ref": "latest",
        "repo": "declarative-flatpak",
        "type": "github"
      }
    },
    "home-manager": {
      "inputs": {
        "nixpkgs": [
          "nixpkgs"
        ]
      },
      "locked": {
        "lastModified": 1784690067,
        "narHash": "sha256-t86pRs7IPs3RTMPueWvvdcxyTFrctHAv2Jl7jnjsSf8=",
        "owner": "nix-community",
        "repo": "home-manager",
        "rev": "6d8d61567802997f9ec3086b2a837e3ef31fac16",
        "type": "github"
      },
      "original": {
        "owner": "nix-community",
        "ref": "master",
        "repo": "home-manager",
        "type": "github"
      }
    },
    "mnw": {
      "locked": {
        "lastModified": 1780772958,
        "narHash": "sha256-VKKe8r4pwCGWZ3Yr9CPN129R4S3CKLSrlYqdYz3vKpM=",
        "owner": "Gerg-L",
        "repo": "mnw",
        "rev": "0871dbf63a53610c95db04439ed8ea4d6ec9c160",
        "type": "github"
      },
      "original": {
        "owner": "Gerg-L",
        "repo": "mnw",
        "type": "github"
      }
    },
    "nix-filter": {
      "locked": {
        "lastModified": 1757882181,
        "narHash": "sha256-+cCxYIh2UNalTz364p+QYmWHs0P+6wDhiWR4jDIKQIU=",
        "owner": "numtide",
        "repo": "nix-filter",
        "rev": "59c44d1909c72441144b93cf0f054be7fe764de5",
        "type": "github"
      },
      "original": {
        "owner": "numtide",
        "repo": "nix-filter",
        "type": "github"
      }
    },
    "nix-wpsoffice-cn": {
      "inputs": {
        "flake-utils": "flake-utils",
        "nixpkgs": [
          "nixpkgs"
        ]
      },
      "locked": {
        "lastModified": 1749822003,
        "narHash": "sha256-sCCF84iX5oqpHtublaaOkK1AV2x1igKJBRsUcLOIfiU=",
        "owner": "Beriholic",
        "repo": "nix-wpsoffice-cn",
        "rev": "2a4e1644761b7060b447247bfa08fa2e966abe63",
        "type": "github"
      },
      "original": {
        "owner": "Beriholic",
        "repo": "nix-wpsoffice-cn",
        "type": "github"
      }
    },
    "nixpkgs": {
      "locked": {
        "lastModified": 1784497964,
        "narHash": "sha256-vlHUuqAcbcH2RKmHbPiuQzbv1pnzzavXnI62RD0bqCU=",
        "owner": "NixOS",
        "repo": "nixpkgs",
        "rev": "241313f4e8e508cb9b13278c2b0fa25b9ca27163",
        "type": "github"
      },
      "original": {
        "owner": "NixOS",
        "ref": "nixos-unstable",
        "repo": "nixpkgs",
        "type": "github"
      }
    },
    "nixpkgs-lib": {
      "locked": {
        "lastModified": 1772328832,
        "narHash": "sha256-e+/T/pmEkLP6BHhYjx6GmwP5ivonQQn0bJdH9YrRB+Q=",
        "owner": "nix-community",
        "repo": "nixpkgs.lib",
        "rev": "c185c7a5e5dd8f9add5b2f8ebeff00888b070742",
        "type": "github"
      },
      "original": {
        "owner": "nix-community",
        "repo": "nixpkgs.lib",
        "type": "github"
      }
    },
    "nixpkgs-master": {
      "locked": {
        "lastModified": 1784721694,
        "narHash": "sha256-RH0/UoFKE1LhMCQoNp9dmFNeY/lQMWqjpgcRZzzT0C8=",
        "owner": "NixOS",
        "repo": "nixpkgs",
        "rev": "5e992c12040a62f7dc68613c2fd705dbc5426318",
        "type": "github"
      },
      "original": {
        "owner": "NixOS",
        "ref": "master",
        "repo": "nixpkgs",
        "type": "github"
      }
    },
    "nur": {
      "inputs": {
        "flake-parts": "flake-parts",
        "nixpkgs": [
          "nixpkgs"
        ]
      },
      "locked": {
        "lastModified": 1784721946,
        "narHash": "sha256-0MUnYvP9XBw9fyvtld9y+avTyPj3zMhQ5tHajFBL1TE=",
        "owner": "nix-community",
        "repo": "NUR",
        "rev": "c196aedd9ad9aff7f036bc7fa476f29fa684a770",
        "type": "github"
      },
      "original": {
        "owner": "nix-community",
        "repo": "NUR",
        "type": "github"
      }
    },
    "nvf": {
      "inputs": {
        "flake-compat": "flake-compat",
        "mnw": "mnw",
        "nixpkgs": [
          "nixpkgs"
        ]
      },
      "locked": {
        "lastModified": 1784811718,
        "narHash": "sha256-1N6WzM69sARVl2Fo4C7LBhdXRIhJh4KOR+FKBn1w/UU=",
        "owner": "notashelf",
        "repo": "nvf",
        "rev": "78474b4b88024e14c9e1d0de6d90f125e04cb1b2",
        "type": "github"
      },
      "original": {
        "owner": "notashelf",
        "repo": "nvf",
        "type": "github"
      }
    },
    "root": {
      "inputs": {
        "NixVirt": "NixVirt",
        "flatpaks": "flatpaks",
        "home-manager": "home-manager",
        "nix-wpsoffice-cn": "nix-wpsoffice-cn",
        "nixpkgs": "nixpkgs",
        "nixpkgs-master": "nixpkgs-master",
        "nur": "nur",
        "nvf": "nvf",
        "vscode-server": "vscode-server",
        "winapps": "winapps",
        "yueyinqiu-nur-packages": "yueyinqiu-nur-packages"
      }
    },
    "systems": {
      "locked": {
        "lastModified": 1681028828,
        "narHash": "sha256-Vy1rq5AaRuLzOxct8nz4T6wlgyUR7zLU309k9mBC768=",
        "owner": "nix-systems",
        "repo": "default",
        "rev": "da67096a3b9bf56a91d16901293e51ba5b49a27e",
        "type": "github"
      },
      "original": {
        "owner": "nix-systems",
        "repo": "default",
        "type": "github"
      }
    },
    "systems_2": {
      "locked": {
        "lastModified": 1681028828,
        "narHash": "sha256-Vy1rq5AaRuLzOxct8nz4T6wlgyUR7zLU309k9mBC768=",
        "owner": "nix-systems",
        "repo": "default",
        "rev": "da67096a3b9bf56a91d16901293e51ba5b49a27e",
        "type": "github"
      },
      "original": {
        "owner": "nix-systems",
        "repo": "default",
        "type": "github"
      }
    },
    "vscode-server": {
      "inputs": {
        "flake-parts": "flake-parts_2"
      },
      "locked": {
        "lastModified": 1784312229,
        "narHash": "sha256-2uHCSUw341o3my1R0U0YCfbnMEazylxb58evWsjGL50=",
        "owner": "nix-community",
        "repo": "nixos-vscode-server",
        "rev": "2f984dfbe7e5271b5c413d3e734374cc1306c921",
        "type": "github"
      },
      "original": {
        "owner": "nix-community",
        "repo": "nixos-vscode-server",
        "type": "github"
      }
    },
    "winapps": {
      "inputs": {
        "flake-compat": "flake-compat_2",
        "flake-utils": "flake-utils_2",
        "nix-filter": "nix-filter",
        "nixpkgs": [
          "nixpkgs"
        ]
      },
      "locked": {
        "lastModified": 1784112840,
        "narHash": "sha256-8ykSYeKBLWs+5IwSuVSQ8EMN4odjpLGqQ1z4r/RFySk=",
        "owner": "winapps-org",
        "repo": "winapps",
        "rev": "7f6b6abf575e3f93614aeeacb75b609372e7f1a6",
        "type": "github"
      },
      "original": {
        "owner": "winapps-org",
        "repo": "winapps",
        "type": "github"
      }
    },
    "yueyinqiu-nur-packages": {
      "inputs": {
        "nixpkgs": [
          "nixpkgs"
        ]
      },
      "locked": {
        "lastModified": 1785847739,
        "narHash": "sha256-wk03++OAbmnyOoD85nkdE6eHdazrt9yTWeiwrJuLJps=",
        "owner": "yueyinqiu",
        "repo": "MyNurPackages",
        "rev": "5e8e6de25d25429404591d5c65bd48c6d3c72985",
        "type": "github"
      },
      "original": {
        "owner": "yueyinqiu",
        "repo": "MyNurPackages",
        "type": "github"
      }
    }
  },
  "root": "root",
  "version": 7
}
